
Microsoft Visual Studio Solution File, Format Version 12.00
# Visual Studio Version 16
VisualStudioVersion = 16.0.32002.261
MinimumVisualStudioVersion = 10.0.40219.1
Project("{FAE04EC0-301F-11D3-BF4B-00C04F79EFBC}") = "webappforgithub1", "webappforgithub1.csproj", "{7453134B-6BAB-4DFA-BB40-19E8EA2D3E5C}"
EndProject
Global
	GlobalSection(SolutionConfigurationPlatforms) = preSolution
		Debug|Any CPU = Debug|Any CPU
		Release|Any CPU = Release|Any CPU
	EndGlobalSection
	GlobalSection(ProjectConfigurationPlatforms) = postSolution
		{7453134B-6BAB-4DFA-BB40-19E8EA2D3E5C}.Debug|Any CPU.ActiveCfg = Debug|Any CPU
		{7453134B-6BAB-4DFA-BB40-19E8EA2D3E5C}.Debug|Any CPU.Build.0 = Debug|Any CPU
		{7453134B-6BAB-4DFA-BB40-19E8EA2D3E5C}.Release|Any CPU.ActiveCfg = Release|Any CPU
		{7453134B-6BAB-4DFA-BB40-19E8EA2D3E5C}.Release|Any CPU.Build.0 = Release|Any CPU
	EndGlobalSection
	GlobalSection(SolutionProperties) = preSolution
		HideSolutionNode = FALSE
	EndGlobalSection
	GlobalSection(ExtensibilityGlobals) = postSolution
		SolutionGuid = {AEA3A9DF-9086-4FFC-BF76-76D540251D39}
	EndGlobalSection
EndGlobal
